// !$*UTF8*$!
{
	archiveVersion = 1;
	classes = {
	};
	objectVersion = 56;
	objects = {

/* Begin PBXBuildFile section */
		14B6EC492C719B8A0071C47B /* SettingsView.swift in Sources */ = {isa = PBXBuildFile; fileRef = 7F0E0A562C719B8A0071C47B /* SettingsView.swift */; };
		174EF9692C719B8A0071C47B /* AIService.swift in Sources */ = {isa = PBXBuildFile; fileRef = 6DB7ABFF2C719B8A0071C47B /* AIService.swift */; };
		199ECFA62C719B8A0071C47B /* KeychainManager.swift in Sources */ = {isa = PBXBuildFile; fileRef = B40A07112C719B8A0071C47B /* KeychainManager.swift */; };
		65C90A372C719B8A0071C47B /* Config.swift in Sources */ = {isa = PBXBuildFile; fileRef = A1913BBA2C719B8A0071C47B /* Config.swift */; };
		7A92BA112C719B8A0071C47B /* AIChatBotApp.swift in Sources */ = {isa = PBXBuildFile; fileRef = 7A92BA102C719B8A0071C47B /* AIChatBotApp.swift */; };
		7A92BA132C719B8A0071C47B /* ContentView.swift in Sources */ = {isa = PBXBuildFile; fileRef = 7A92BA122C719B8A0071C47B /* ContentView.swift */; };
		7A92BA152C719B8C0071C47B /* Assets.xcassets in Resources */ = {isa = PBXBuildFile; fileRef = 7A92BA142C719B8C0071C47B /* Assets.xcassets */; };
		7A92BA182C719B8C0071C47B /* Preview Assets.xcassets in Resources */ = {isa = PBXBuildFile; fileRef = 7A92BA172C719B8C0071C47B /* Preview Assets.xcassets */; };
		7A92BA212C719B8C0071C47B /* AIService.swift in Sources */ = {isa = PBXBuildFile; fileRef = 7A92BA222C719B8C0071C47B /* AIService.swift */; };
		7A92BA232C719B8C0071C47B /* VoiceManager.swift in Sources */ = {isa = PBXBuildFile; fileRef = 7A92BA242C719B8C0071C47B /* VoiceManager.swift */; };
		7A92BA2C2C719B8C0071C47B /* Config.swift in Sources */ = {isa = PBXBuildFile; fileRef = 7A92BA2B2C719B8C0071C47B /* Config.swift */; };
		7A92BA252C719B8C0071C47B /* CarPlayManager.swift in Sources */ = {isa = PBXBuildFile; fileRef = 7A92BA262C719B8C0071C47B /* CarPlayManager.swift */; };
		7A92BA272C719B8C0071C47B /* ChatViewController.swift in Sources */ = {isa = PBXBuildFile; fileRef = 7A92BA282C719B8C0071C47B /* ChatViewController.swift */; };
		7A92BA292C719B8C0071C47B /* CarPlaySceneDelegate.swift in Sources */ = {isa = PBXBuildFile; fileRef = 7A92BA2A2C719B8C0071C47B /* CarPlaySceneDelegate.swift */; };
		7A92BA2D2C719B8C0071C47B /* AppDelegate.swift in Sources */ = {isa = PBXBuildFile; fileRef = 7A92BA2E2C719B8C0071C47B /* AppDelegate.swift */; };
/* End PBXBuildFile section */

/* Begin PBXFileReference section */
		6DB7ABFF2C719B8A0071C47B /* AIService.swift */ = {isa = PBXFileReference; lastKnownFileType = sourcecode.swift; path = AIService.swift; sourceTree = "<group>"; };
		7A92BA0D2C719B8A0071C47B /* AIChatBot.app */ = {isa = PBXFileReference; explicitFileType = wrapper.application; includeInIndex = 0; path = AIChatBot.app; sourceTree = BUILT_PRODUCTS_DIR; };
		7A92BA102C719B8A0071C47B /* AIChatBotApp.swift */ = {isa = PBXFileReference; lastKnownFileType = sourcecode.swift; path = AIChatBotApp.swift; sourceTree = "<group>"; };
		7A92BA122C719B8A0071C47B /* ContentView.swift */ = {isa = PBXFileReference; lastKnownFileType = sourcecode.swift; path = ContentView.swift; sourceTree = "<group>"; };
		7A92BA142C719B8C0071C47B /* Assets.xcassets */ = {isa = PBXFileReference; lastKnownFileType = folder.assetcatalog; path = Assets.xcassets; sourceTree = "<group>"; };
		7A92BA172C719B8C0071C47B /* Preview Assets.xcassets */ = {isa = PBXFileReference; lastKnownFileType = folder.assetcatalog; path = "Preview Assets.xcassets"; sourceTree = "<group>"; };
		7A92BA222C719B8C0071C47B /* AIService.swift */ = {isa = PBXFileReference; lastKnownFileType = sourcecode.swift; path = AIService.swift; sourceTree = "<group>"; };
		7A92BA242C719B8C0071C47B /* VoiceManager.swift */ = {isa = PBXFileReference; lastKnownFileType = sourcecode.swift; path = VoiceManager.swift; sourceTree = "<group>"; };
		7A92BA262C719B8C0071C47B /* CarPlayManager.swift */ = {isa = PBXFileReference; lastKnownFileType = sourcecode.swift; path = CarPlayManager.swift; sourceTree = "<group>"; };
		7A92BA282C719B8C0071C47B /* ChatViewController.swift */ = {isa = PBXFileReference; lastKnownFileType = sourcecode.swift; path = ChatViewController.swift; sourceTree = "<group>"; };
		7A92BA2A2C719B8C0071C47B /* CarPlaySceneDelegate.swift */ = {isa = PBXFileReference; lastKnownFileType = sourcecode.swift; path = CarPlaySceneDelegate.swift; sourceTree = "<group>"; };
		7A92BA2B2C719B8C0071C47B /* Config.swift */ = {isa = PBXFileReference; lastKnownFileType = sourcecode.swift; path = Config.swift; sourceTree = "<group>"; };
		7A92BA2E2C719B8C0071C47B /* AppDelegate.swift */ = {isa = PBXFileReference; lastKnownFileType = sourcecode.swift; path = AppDelegate.swift; sourceTree = "<group>"; };
		7F0E0A562C719B8A0071C47B /* SettingsView.swift */ = {isa = PBXFileReference; lastKnownFileType = sourcecode.swift; path = SettingsView.swift; sourceTree = "<group>"; };
		A1913BBA2C719B8A0071C47B /* Config.swift */ = {isa = PBXFileReference; lastKnownFileType = sourcecode.swift; path = Config.swift; sourceTree = "<group>"; };
		B40A07112C719B8A0071C47B /* KeychainManager.swift */ = {isa = PBXFileReference; lastKnownFileType = sourcecode.swift; path = KeychainManager.swift; sourceTree = "<group>"; };
/* End PBXFileReference section */

/* Begin PBXFrameworksBuildPhase section */
		7A92BA0A2C719B8A0071C47B /* Frameworks */ = {
			isa = PBXFrameworksBuildPhase;
			buildActionMask = 2147483647;
			files = (
			);
			runOnlyForDeploymentPostprocessing = 0;
		};
/* End PBXFrameworksBuildPhase section */

/* Begin PBXGroup section */
		7A92BA042C719B8A0071C47B = {
			isa = PBXGroup;
			children = (
				7A92BA0F2C719B8A0071C47B /* AIChatBot */,
				7A92BA0E2C719B8A0071C47B /* Products */,
			);
			sourceTree = "<group>";
		};
		7A92BA0E2C719B8A0071C47B /* Products */ = {
			isa = PBXGroup;
			children = (
				7A92BA0D2C719B8A0071C47B /* AIChatBot.app */,
			);
			name = Products;
			sourceTree = "<group>";
		};
		7A92BA0F2C719B8A0071C47B /* AIChatBot */ = {
			isa = PBXGroup;
			children = (
				7A92BA102C719B8A0071C47B /* AIChatBotApp.swift */,
				7A92BA2E2C719B8C0071C47B /* AppDelegate.swift */,
				7A92BA122C719B8A0071C47B /* ContentView.swift */,
				7A92BA222C719B8C0071C47B /* AIService.swift */,
				7A92BA242C719B8C0071C47B /* VoiceManager.swift */,
				7A92BA262C719B8C0071C47B /* CarPlayManager.swift */,
				7A92BA2A2C719B8C0071C47B /* CarPlaySceneDelegate.swift */,
				7A92BA282C719B8C0071C47B /* ChatViewController.swift */,
				7A92BA2B2C719B8C0071C47B /* Config.swift */,
				7F0E0A562C719B8A0071C47B /* SettingsView.swift */,
				6DB7ABFF2C719B8A0071C47B /* AIService.swift */,
				A1913BBA2C719B8A0071C47B /* Config.swift */,
				B40A07112C719B8A0071C47B /* KeychainManager.swift */,
				7A92BA142C719B8C0071C47B /* Assets.xcassets */,
				7A92BA162C719B8C0071C47B /* Preview Content */,
			);
			path = AIChatBot;
			sourceTree = "<group>";
		};
		7A92BA162C719B8C0071C47B /* Preview Content */ = {
			isa = PBXGroup;
			children = (
				7A92BA172C719B8C0071C47B /* Preview Assets.xcassets */,
			);
			path = "Preview Content";
			sourceTree = "<group>";
		};
/* End PBXGroup section */

/* Begin PBXNativeTarget section */
		7A92BA0C2C719B8A0071C47B /* AIChatBot */ = {
			isa = PBXNativeTarget;
			buildConfigurationList = 7A92BA1B2C719B8C0071C47B /* Build configuration list for PBXNativeTarget "AIChatBot" */;
			buildPhases = (
				7A92BA092C719B8A0071C47B /* Sources */,
				7A92BA0A2C719B8A0071C47B /* Frameworks */,
				7A92BA0B2C719B8A0071C47B /* Resources */,
			);
			buildRules = (
			);
			dependencies = (
			);
			name = AIChatBot;
			productName = AIChatBot;
			productReference = 7A92BA0D2C719B8A0071C47B /* AIChatBot.app */;
			productType = "com.apple.product-type.application";
		};
/* End PBXNativeTarget section */

/* Begin PBXProject section */
		7A92BA052C719B8A0071C47B /* Project object */ = {
			isa = PBXProject;
			attributes = {
				BuildIndependentTargetsInParallel = 1;
				LastSwiftUpdateCheck = 1500;
				LastUpgradeCheck = 1500;
				TargetAttributes = {
					7A92BA0C2C719B8A0071C47B = {
						CreatedOnToolsVersion = 15.0;
					};
				};
			};
			buildConfigurationList = 7A92BA082C719B8A0071C47B /* Build configuration list for PBXProject "AIChatBot" */;
			compatibilityVersion = "Xcode 14.0";
			developmentRegion = en;
			hasScannedForEncodings = 0;
			knownRegions = (
				en,
				Base,
			);
			mainGroup = 7A92BA042C719B8A0071C47B;
			productRefGroup = 7A92BA0E2C719B8A0071C47B /* Products */;
			projectDirPath = "";
			projectRoot = "";
			targets = (
				7A92BA0C2C719B8A0071C47B /* AIChatBot */,
			);
		};
/* End PBXProject section */

/* Begin PBXResourcesBuildPhase section */
		7A92BA0B2C719B8A0071C47B /* Resources */ = {
			isa = PBXResourcesBuildPhase;
			buildActionMask = 2147483647;
			files = (
				7A92BA182C719B8C0071C47B /* Preview Assets.xcassets in Resources */,
				7A92BA152C719B8C0071C47B /* Assets.xcassets in Resources */,
			);
			runOnlyForDeploymentPostprocessing = 0;
		};
/* End PBXResourcesBuildPhase section */

/* Begin PBXSourcesBuildPhase section */
		7A92BA092C719B8A0071C47B /* Sources */ = {
			isa = PBXSourcesBuildPhase;
			buildActionMask = 2147483647;
			files = (
				7A92BA132C719B8A0071C47B /* ContentView.swift in Sources */,
				14B6EC492C719B8A0071C47B /* SettingsView.swift in Sources */,
				174EF9692C719B8A0071C47B /* AIService.swift in Sources */,
				199ECFA62C719B8A0071C47B /* KeychainManager.swift in Sources */,
				65C90A372C719B8A0071C47B /* Config.swift in Sources */,
				7A92BA112C719B8A0071C47B /* AIChatBotApp.swift in Sources */,
				7A92BA2D2C719B8C0071C47B /* AppDelegate.swift in Sources */,
				7A92BA252C719B8C0071C47B /* CarPlayManager.swift in Sources */,
				7A92BA292C719B8C0071C47B /* CarPlaySceneDelegate.swift in Sources */,
				7A92BA232C719B8C0071C47B /* VoiceManager.swift in Sources */,
			);
			runOnlyForDeploymentPostprocessing = 0;
		};
/* End PBXSourcesBuildPhase section */

/* Begin XCBuildConfiguration section */
		7A92BA192C719B8C0071C47B /* Debug */ = {
			isa = XCBuildConfiguration;
			buildSettings = {
				ALWAYS_SEARCH_USER_PATHS = NO;
				ASSETCATALOG_COMPILER_GENERATE_SWIFT_ASSET_SYMBOL_EXTENSIONS = YES;
				CLANG_ANALYZER_NONNULL = YES;
				CLANG_ANALYZER_NUMBER_OBJECT_CONVERSION = YES_AGGRESSIVE;
				CLANG_CXX_LANGUAGE_STANDARD = "gnu++20";
				CLANG_ENABLE_MODULES = YES;
				CLANG_ENABLE_OBJC_ARC = YES;
				CLANG_ENABLE_OBJC_WEAK = YES;
				CLANG_WARN_BLOCK_CAPTURE_AUTORELEASING = YES;
				CLANG_WARN_BOOL_CONVERSION = YES;
				CLANG_WARN_COMMA = YES;
				CLANG_WARN_CONSTANT_CONVERSION = YES;
				CLANG_WARN_DEPRECATED_OBJC_IMPLEMENTATIONS = YES;
				CLANG_WARN_DIRECT_OBJC_ISA_USAGE = YES_ERROR;
				CLANG_WARN_DOCUMENTATION_COMMENTS = YES;
				CLANG_WARN_EMPTY_BODY = YES;
				CLANG_WARN_ENUM_CONVERSION = YES;
				CLANG_WARN_INFINITE_RECURSION = YES;
				CLANG_WARN_INT_CONVERSION = YES;
				CLANG_WARN_NON_LITERAL_NULL_CONVERSION = YES;
				CLANG_WARN_OBJC_IMPLICIT_RETAIN_SELF = YES;
				CLANG_WARN_OBJC_LITERAL_CONVERSION = YES;
				CLANG_WARN_OBJC_ROOT_CLASS = YES;
				CLANG_WARN_QUOTED_INCLUDE_IN_FRAMEWORK_HEADER = YES;
				CLANG_WARN_RANGE_LOOP_ANALYSIS = YES;
				CLANG_WARN_STRICT_PROTOTYPES = YES;
				CLANG_WARN_SUSPICIOUS_MOVE = YES;
				CLANG_WARN_UNGUARDED_AVAILABILITY = YES_AGGRESSIVE;
				CLANG_WARN_UNREACHABLE_CODE = YES;
				CLANG_WARN__DUPLICATE_METHOD_MATCH = YES;
				COPY_PHASE_STRIP = NO;
				DEBUG_INFORMATION_FORMAT = dwarf;
				ENABLE_STRICT_OBJC_MSGSEND = YES;
				ENABLE_TESTABILITY = YES;
				ENABLE_USER_SCRIPT_SANDBOXING = YES;
				GCC_C_LANGUAGE_STANDARD = gnu17;
				GCC_DYNAMIC_NO_PIC = NO;
				GCC_NO_COMMON_BLOCKS = YES;
				GCC_OPTIMIZATION_LEVEL = 0;
				GCC_PREPROCESSOR_DEFINITIONS = (
					"DEBUG=1",
					"$(inherited)",
				);
				GCC_WARN_64_TO_32_BIT_CONVERSION = YES;
				GCC_WARN_ABOUT_RETURN_TYPE = YES_ERROR;
				GCC_WARN_UNDECLARED_SELECTOR = YES;
				GCC_WARN_UNINITIALIZED_AUTOS = YES_AGGRESSIVE;
				GCC_WARN_UNUSED_FUNCTION = YES;
				GCC_WARN_UNUSED_VARIABLE = YES;
				IPHONEOS_DEPLOYMENT_TARGET = 17.0;
				LOCALIZATION_PREFERS_STRING_CATALOGS = YES;
				MTL_ENABLE_DEBUG_INFO = INCLUDE_SOURCE;
				MTL_FAST_MATH = YES;
				ONLY_ACTIVE_ARCH = YES;
				SDKROOT = iphoneos;
				SWIFT_ACTIVE_COMPILATION_CONDITIONS = "DEBUG $(inherited)";
				SWIFT_OPTIMIZATION_LEVEL = "-Onone";
			};
			name = Debug;
		};
		7A92BA1A2C719B8C0071C47B /* Release */ = {
			isa = XCBuildConfiguration;
			buildSettings = {
				ALWAYS_SEARCH_USER_PATHS = NO;
				ASSETCATALOG_COMPILER_GENERATE_SWIFT_ASSET_SYMBOL_EXTENSIONS = YES;
				CLANG_ANALYZER_NONNULL = YES;
				CLANG_ANALYZER_NUMBER_OBJECT_CONVERSION = YES_AGGRESSIVE;
				CLANG_CXX_LANGUAGE_STANDARD = "gnu++20";
				CLANG_ENABLE_MODULES = YES;
				CLANG_ENABLE_OBJC_ARC = YES;
				CLANG_ENABLE_OBJC_WEAK = YES;
				CLANG_WARN_BLOCK_CAPTURE_AUTORELEASING = YES;
				CLANG_WARN_BOOL_CONVERSION = YES;
				CLANG_WARN_COMMA = YES;
				CLANG_WARN_CONSTANT_CONVERSION = YES;
				CLANG_WARN_DEPRECATED_OBJC_IMPLEMENTATIONS = YES;
				CLANG_WARN_DIRECT_OBJC_ISA_USAGE = YES_ERROR;
				CLANG_WARN_DOCUMENTATION_COMMENTS = YES;
				CLANG_WARN_EMPTY_BODY = YES;
				CLANG_WARN_ENUM_CONVERSION = YES;
				CLANG_WARN_INFINITE_RECURSION = YES;
				CLANG_WARN_INT_CONVERSION = YES;
				CLANG_WARN_NON_LITERAL_NULL_CONVERSION = YES;
				CLANG_WARN_OBJC_IMPLICIT_RETAIN_SELF = YES;
				CLANG_WARN_OBJC_LITERAL_CONVERSION = YES;
				CLANG_WARN_OBJC_ROOT_CLASS = YES;
				CLANG_WARN_QUOTED_INCLUDE_IN_FRAMEWORK_HEADER = YES;
				CLANG_WARN_RANGE_LOOP_ANALYSIS = YES;
				CLANG_WARN_STRICT_PROTOTYPES = YES;
				CLANG_WARN_SUSPICIOUS_MOVE = YES;
				CLANG_WARN_UNGUARDED_AVAILABILITY = YES_AGGRESSIVE;
				CLANG_WARN_UNREACHABLE_CODE = YES;
				CLANG_WARN__DUPLICATE_METHOD_MATCH = YES;
				COPY_PHASE_STRIP = NO;
				DEBUG_INFORMATION_FORMAT = "dwarf-with-dsym";
				ENABLE_NS_ASSERTIONS = NO;
				ENABLE_STRICT_OBJC_MSGSEND = YES;
				ENABLE_USER_SCRIPT_SANDBOXING = YES;
				GCC_C_LANGUAGE_STANDARD = gnu17;
				GCC_NO_COMMON_BLOCKS = YES;
				GCC_WARN_64_TO_32_BIT_CONVERSION = YES;
				GCC_WARN_ABOUT_RETURN_TYPE = YES_ERROR;
				GCC_WARN_UNDECLARED_SELECTOR = YES;
				GCC_WARN_UNINITIALIZED_AUTOS = YES_AGGRESSIVE;
				GCC_WARN_UNUSED_FUNCTION = YES;
				GCC_WARN_UNUSED_VARIABLE = YES;
				IPHONEOS_DEPLOYMENT_TARGET = 17.0;
				LOCALIZATION_PREFERS_STRING_CATALOGS = YES;
				MTL_ENABLE_DEBUG_INFO = NO;
				MTL_FAST_MATH = YES;
				SDKROOT = iphoneos;
				SWIFT_COMPILATION_MODE = wholemodule;
				VALIDATE_PRODUCT = YES;
			};
			name = Release;
		};
		7A92BA1C2C719B8C0071C47B /* Debug */ = {
			isa = XCBuildConfiguration;
			buildSettings = {
				ASSETCATALOG_COMPILER_APPICON_NAME = AppIcon;
				ASSETCATALOG_COMPILER_GLOBAL_ACCENT_COLOR_NAME = AccentColor;
				"CODE_SIGN_IDENTITY[sdk=iphonesimulator*]" = "";
				CODE_SIGN_STYLE = Automatic;
				CURRENT_PROJECT_VERSION = 1;
				DEVELOPMENT_ASSET_PATHS = "\"AIChatBot/Preview Content\"";
				DEVELOPMENT_TEAM = GR7443HJWJ;
				ENABLE_PREVIEWS = YES;
				GENERATE_INFOPLIST_FILE = NO;
				INFOPLIST_FILE = AIChatBot/Info.plist;
				INFOPLIST_KEY_UIApplicationSceneManifest_Generation = YES;
				INFOPLIST_KEY_UIApplicationSupportsIndirectInputEvents = YES;
				INFOPLIST_KEY_UILaunchScreen_Generation = YES;
				INFOPLIST_KEY_UISupportedInterfaceOrientations_iPad = "UIInterfaceOrientationPortrait UIInterfaceOrientationPortraitUpsideDown UIInterfaceOrientationLandscapeLeft UIInterfaceOrientationLandscapeRight";
				INFOPLIST_KEY_UISupportedInterfaceOrientations_iPhone = "UIInterfaceOrientationPortrait UIInterfaceOrientationLandscapeLeft UIInterfaceOrientationLandscapeRight";
				LD_RUNPATH_SEARCH_PATHS = (
					"$(inherited)",
					"@executable_path/Frameworks",
				);
				MARKETING_VERSION = 1.0;
				PRODUCT_BUNDLE_IDENTIFIER = com.phlave.AIChatBot;
				PRODUCT_NAME = "$(TARGET_NAME)";
				SWIFT_EMIT_LOC_STRINGS = YES;
				SWIFT_VERSION = 5.0;
				TARGETED_DEVICE_FAMILY = "1,2";
			};
			name = Debug;
		};
		7A92BA1D2C719B8C0071C47B /* Release */ = {
			isa = XCBuildConfiguration;
			buildSettings = {
				ASSETCATALOG_COMPILER_APPICON_NAME = AppIcon;
				ASSETCATALOG_COMPILER_GLOBAL_ACCENT_COLOR_NAME = AccentColor;
				"CODE_SIGN_IDENTITY[sdk=iphonesimulator*]" = "Apple Development";
				CODE_SIGN_STYLE = Automatic;
				CURRENT_PROJECT_VERSION = 1;
				DEVELOPMENT_ASSET_PATHS = "\"AIChatBot/Preview Content\"";
				DEVELOPMENT_TEAM = GR7443HJWJ;
				ENABLE_PREVIEWS = YES;
				GENERATE_INFOPLIST_FILE = NO;
				INFOPLIST_FILE = AIChatBot/Info.plist;
				INFOPLIST_KEY_UIApplicationSceneManifest_Generation = YES;
				INFOPLIST_KEY_UIApplicationSupportsIndirectInputEvents = YES;
				INFOPLIST_KEY_UILaunchScreen_Generation = YES;
				INFOPLIST_KEY_UISupportedInterfaceOrientations_iPad = "UIInterfaceOrientationPortrait UIInterfaceOrientationPortraitUpsideDown UIInterfaceOrientationLandscapeLeft UIInterfaceOrientationLandscapeRight";
				INFOPLIST_KEY_UISupportedInterfaceOrientations_iPhone = "UIInterfaceOrientationPortrait UIInterfaceOrientationLandscapeLeft UIInterfaceOrientationLandscapeRight";
				LD_RUNPATH_SEARCH_PATHS = (
					"$(inherited)",
					"@executable_path/Frameworks",
				);
				MARKETING_VERSION = 1.0;
				PRODUCT_BUNDLE_IDENTIFIER = com.phlave.AIChatBot;
				PRODUCT_NAME = "$(TARGET_NAME)";
				SWIFT_EMIT_LOC_STRINGS = YES;
				SWIFT_VERSION = 5.0;
				TARGETED_DEVICE_FAMILY = "1,2";
			};
			name = Release;
		};
/* End XCBuildConfiguration section */

/* Begin XCConfigurationList section */
		7A92BA082C719B8A0071C47B /* Build configuration list for PBXProject "AIChatBot" */ = {
			isa = XCConfigurationList;
			buildConfigurations = (
				7A92BA192C719B8C0071C47B /* Debug */,
				7A92BA1A2C719B8C0071C47B /* Release */,
			);
			defaultConfigurationIsVisible = 0;
			defaultConfigurationName = Release;
		};
		7A92BA1B2C719B8C0071C47B /* Build configuration list for PBXNativeTarget "AIChatBot" */ = {
			isa = XCConfigurationList;
			buildConfigurations = (
				7A92BA1C2C719B8C0071C47B /* Debug */,
				7A92BA1D2C719B8C0071C47B /* Release */,
			);
			defaultConfigurationIsVisible = 0;
			defaultConfigurationName = Release;
		};
/* End XCConfigurationList section */
	};
	rootObject = 7A92BA052C719B8A0071C47B /* Project object */;
}
